PODS:
  - Expression (0.12.11)
  - Realm (3.13.1):
    - Realm/Headers (= 3.13.1)
  - Realm/Headers (3.13.1)
  - RealmSwift (3.13.1):
    - Realm (= 3.13.1)

DEPENDENCIES:
  - Expression
  - RealmSwift

SPEC REPOS:
  https://github.com/cocoapods/specs.git:
    - Expression
    - Realm
    - RealmSwift

SPEC CHECKSUMS:
  Expression: e95e5008e48a066c90b40c7962823d252e908440
  Realm: 50071da38fe079e0735e47c9f2eae738c68c5996
  RealmSwift: 8a1e6a02b7a08cd17a31e3115143fb69fe5f3fb9

PODFILE CHECKSUM: 3ba3f906b593995ebaf9b8d209c27dac0b5f1cb0

COCOAPODS: 1.6.0
